
Microsoft Visual Studio Solution File, Format Version 12.00
# Visual Studio 2015
Project("{FAE04EC0-301F-11D3-BF4B-00C04F79EFBC}") = "Morsmordre - Senior Project.Plugins", "Morsmordre - Senior Project.Plugins.csproj", "{C0503F6C-DAA3-4EB2-B445-3F5B69B28506}"
EndProject
Project("{FAE04EC0-301F-11D3-BF4B-00C04F79EFBC}") = "Morsmordre - Senior Project", "Morsmordre - Senior Project.csproj", "{05716839-8F1D-A000-65C2-7F30BE2A4000}"
EndProject
Global
	GlobalSection(SolutionConfigurationPlatforms) = preSolution
		Debug|Any CPU = Debug|Any CPU
		Release|Any CPU = Release|Any CPU
	EndGlobalSection
	GlobalSection(ProjectConfigurationPlatforms) = postSolution
		{C0503F6C-DAA3-4EB2-B445-3F5B69B28506}.Debug|Any CPU.ActiveCfg = Debug|Any CPU
		{C0503F6C-DAA3-4EB2-B445-3F5B69B28506}.Debug|Any CPU.Build.0 = Debug|Any CPU
		{C0503F6C-DAA3-4EB2-B445-3F5B69B28506}.Release|Any CPU.ActiveCfg = Release|Any CPU
		{C0503F6C-DAA3-4EB2-B445-3F5B69B28506}.Release|Any CPU.Build.0 = Release|Any CPU
		{05716839-8F1D-A000-65C2-7F30BE2A4000}.Debug|Any CPU.ActiveCfg = Debug|Any CPU
		{05716839-8F1D-A000-65C2-7F30BE2A4000}.Debug|Any CPU.Build.0 = Debug|Any CPU
		{05716839-8F1D-A000-65C2-7F30BE2A4000}.Release|Any CPU.ActiveCfg = Release|Any CPU
		{05716839-8F1D-A000-65C2-7F30BE2A4000}.Release|Any CPU.Build.0 = Release|Any CPU
	EndGlobalSection
	GlobalSection(SolutionProperties) = preSolution
		HideSolutionNode = FALSE
	EndGlobalSection
EndGlobal
